// !$*UTF8*$!
{
	archiveVersion = 1;
	classes = {
	};
	objectVersion = 55;
	objects = {

/* Begin PBXBuildFile section */
		7689C8B5F9284768471074D4 /* Pods_todo.framework in Frameworks */ = {isa = PBXBuildFile; fileRef = EF007EA92EDF86BB7A96BDC1 /* Pods_todo.framework */; };
		7803A67C279943E700E41CC8 /* ModifyViewController.swift in Sources */ = {isa = PBXBuildFile; fileRef = 7803A67B279943E700E41CC8 /* ModifyViewController.swift */; };
		7803A683279D2E3800E41CC8 /* MainModel.swift in Sources */ = {isa = PBXBuildFile; fileRef = 7803A682279D2E3800E41CC8 /* MainModel.swift */; };
		7803A685279D2E4700E41CC8 /* ModifyModel.swift in Sources */ = {isa = PBXBuildFile; fileRef = 7803A684279D2E4700E41CC8 /* ModifyModel.swift */; };
		78189591279506250055F9FE /* CustomTableViewCell.swift in Sources */ = {isa = PBXBuildFile; fileRef = 78189590279506250055F9FE /* CustomTableViewCell.swift */; };
		78516D52278D770B00F5A394 /* AppDelegate.swift in Sources */ = {isa = PBXBuildFile; fileRef = 78516D51278D770B00F5A394 /* AppDelegate.swift */; };
		78516D54278D770B00F5A394 /* SceneDelegate.swift in Sources */ = {isa = PBXBuildFile; fileRef = 78516D53278D770B00F5A394 /* SceneDelegate.swift */; };
		78516D56278D770B00F5A394 /* MainViewController.swift in Sources */ = {isa = PBXBuildFile; fileRef = 78516D55278D770B00F5A394 /* MainViewController.swift */; };
		78516D59278D770B00F5A394 /* Main.storyboard in Resources */ = {isa = PBXBuildFile; fileRef = 78516D57278D770B00F5A394 /* Main.storyboard */; };
		78516D5B278D770B00F5A394 /* Assets.xcassets in Resources */ = {isa = PBXBuildFile; fileRef = 78516D5A278D770B00F5A394 /* Assets.xcassets */; };
		78516D5E278D770B00F5A394 /* LaunchScreen.storyboard in Resources */ = {isa = PBXBuildFile; fileRef = 78516D5C278D770B00F5A394 /* LaunchScreen.storyboard */; };
		789187A1278EB338001B8A7B /* TodoList.xcdatamodeld in Sources */ = {isa = PBXBuildFile; fileRef = 7891879F278EB338001B8A7B /* TodoList.xcdatamodeld */; };
		789187CB278FFBC2001B8A7B /* PersistenceManager.swift in Sources */ = {isa = PBXBuildFile; fileRef = 789187CA278FFBC2001B8A7B /* PersistenceManager.swift */; };
/* End PBXBuildFile section */

/* Begin PBXFileReference section */
		104D2564BC8A02BDA1B71DBD /* Pods-todo.debug.xcconfig */ = {isa = PBXFileReference; includeInIndex = 1; lastKnownFileType = text.xcconfig; name = "Pods-todo.debug.xcconfig"; path = "Target Support Files/Pods-todo/Pods-todo.debug.xcconfig"; sourceTree = "<group>"; };
		5F2E9F3C520A021E3EF641E5 /* Pods-todo.release.xcconfig */ = {isa = PBXFileReference; includeInIndex = 1; lastKnownFileType = text.xcconfig; name = "Pods-todo.release.xcconfig"; path = "Target Support Files/Pods-todo/Pods-todo.release.xcconfig"; sourceTree = "<group>"; };
		7803A67B279943E700E41CC8 /* ModifyViewController.swift */ = {isa = PBXFileReference; lastKnownFileType = sourcecode.swift; path = ModifyViewController.swift; sourceTree = "<group>"; };
		7803A682279D2E3800E41CC8 /* MainModel.swift */ = {isa = PBXFileReference; lastKnownFileType = sourcecode.swift; path = MainModel.swift; sourceTree = "<group>"; };
		7803A684279D2E4700E41CC8 /* ModifyModel.swift */ = {isa = PBXFileReference; lastKnownFileType = sourcecode.swift; path = ModifyModel.swift; sourceTree = "<group>"; };
		78189590279506250055F9FE /* CustomTableViewCell.swift */ = {isa = PBXFileReference; lastKnownFileType = sourcecode.swift; path = CustomTableViewCell.swift; sourceTree = "<group>"; };
		78516D4E278D770B00F5A394 /* todo.app */ = {isa = PBXFileReference; explicitFileType = wrapper.application; includeInIndex = 0; path = todo.app; sourceTree = BUILT_PRODUCTS_DIR; };
		78516D51278D770B00F5A394 /* AppDelegate.swift */ = {isa = PBXFileReference; lastKnownFileType = sourcecode.swift; path = AppDelegate.swift; sourceTree = "<group>"; };
		78516D53278D770B00F5A394 /* SceneDelegate.swift */ = {isa = PBXFileReference; lastKnownFileType = sourcecode.swift; path = SceneDelegate.swift; sourceTree = "<group>"; };
		78516D55278D770B00F5A394 /* MainViewController.swift */ = {isa = PBXFileReference; lastKnownFileType = sourcecode.swift; path = MainViewController.swift; sourceTree = "<group>"; };
		78516D58278D770B00F5A394 /* Base */ = {isa = PBXFileReference; lastKnownFileType = file.storyboard; name = Base; path = Base.lproj/Main.storyboard; sourceTree = "<group>"; };
		78516D5A278D770B00F5A394 /* Assets.xcassets */ = {isa = PBXFileReference; lastKnownFileType = folder.assetcatalog; path = Assets.xcassets; sourceTree = "<group>"; };
		78516D5D278D770B00F5A394 /* Base */ = {isa = PBXFileReference; lastKnownFileType = file.storyboard; name = Base; path = Base.lproj/LaunchScreen.storyboard; sourceTree = "<group>"; };
		78516D5F278D770B00F5A394 /* Info.plist */ = {isa = PBXFileReference; lastKnownFileType = text.plist.xml; path = Info.plist; sourceTree = "<group>"; };
		789187A0278EB338001B8A7B /* TodoList.xcdatamodel */ = {isa = PBXFileReference; lastKnownFileType = wrapper.xcdatamodel; path = TodoList.xcdatamodel; sourceTree = "<group>"; };
		789187CA278FFBC2001B8A7B /* PersistenceManager.swift */ = {isa = PBXFileReference; lastKnownFileType = sourcecode.swift; path = PersistenceManager.swift; sourceTree = "<group>"; };
		EF007EA92EDF86BB7A96BDC1 /* Pods_todo.framework */ = {isa = PBXFileReference; explicitFileType = wrapper.framework; includeInIndex = 0; path = Pods_todo.framework; sourceTree = BUILT_PRODUCTS_DIR; };
/* End PBXFileReference section */

/* Begin PBXFrameworksBuildPhase section */
		78516D4B278D770B00F5A394 /* Frameworks */ = {
			isa = PBXFrameworksBuildPhase;
			buildActionMask = 2147483647;
			files = (
				7689C8B5F9284768471074D4 /* Pods_todo.framework in Frameworks */,
			);
			runOnlyForDeploymentPostprocessing = 0;
		};
/* End PBXFrameworksBuildPhase section */

/* Begin PBXGroup section */
		11ED1B26C7CDB261E3C0B54E /* Pods */ = {
			isa = PBXGroup;
			children = (
				104D2564BC8A02BDA1B71DBD /* Pods-todo.debug.xcconfig */,
				5F2E9F3C520A021E3EF641E5 /* Pods-todo.release.xcconfig */,
			);
			path = Pods;
			sourceTree = "<group>";
		};
		4A308F5C9DEEC4778040279A /* Frameworks */ = {
			isa = PBXGroup;
			children = (
				EF007EA92EDF86BB7A96BDC1 /* Pods_todo.framework */,
			);
			name = Frameworks;
			sourceTree = "<group>";
		};
		7803A67F279D2C9100E41CC8 /* Controller */ = {
			isa = PBXGroup;
			children = (
				7803A67B279943E700E41CC8 /* ModifyViewController.swift */,
				78516D55278D770B00F5A394 /* MainViewController.swift */,
			);
			path = Controller;
			sourceTree = "<group>";
		};
		7803A680279D2C9C00E41CC8 /* Model */ = {
			isa = PBXGroup;
			children = (
				7803A682279D2E3800E41CC8 /* MainModel.swift */,
				7803A684279D2E4700E41CC8 /* ModifyModel.swift */,
			);
			path = Model;
			sourceTree = "<group>";
		};
		7803A681279D2CCD00E41CC8 /* View */ = {
			isa = PBXGroup;
			children = (
				78516D57278D770B00F5A394 /* Main.storyboard */,
			);
			path = View;
			sourceTree = "<group>";
		};
		78516D45278D770B00F5A394 = {
			isa = PBXGroup;
			children = (
				78516D50278D770B00F5A394 /* todo */,
				78516D4F278D770B00F5A394 /* Products */,
				11ED1B26C7CDB261E3C0B54E /* Pods */,
				4A308F5C9DEEC4778040279A /* Frameworks */,
			);
			sourceTree = "<group>";
		};
		78516D4F278D770B00F5A394 /* Products */ = {
			isa = PBXGroup;
			children = (
				78516D4E278D770B00F5A394 /* todo.app */,
			);
			name = Products;
			sourceTree = "<group>";
		};
		78516D50278D770B00F5A394 /* todo */ = {
			isa = PBXGroup;
			children = (
				7803A681279D2CCD00E41CC8 /* View */,
				7803A680279D2C9C00E41CC8 /* Model */,
				7803A67F279D2C9100E41CC8 /* Controller */,
				78516D5F278D770B00F5A394 /* Info.plist */,
				78516D51278D770B00F5A394 /* AppDelegate.swift */,
				78516D53278D770B00F5A394 /* SceneDelegate.swift */,
				7891879F278EB338001B8A7B /* TodoList.xcdatamodeld */,
				78516D5A278D770B00F5A394 /* Assets.xcassets */,
				78189590279506250055F9FE /* CustomTableViewCell.swift */,
				78516D5C278D770B00F5A394 /* LaunchScreen.storyboard */,
				789187CA278FFBC2001B8A7B /* PersistenceManager.swift */,
			);
			path = todo;
			sourceTree = "<group>";
		};
/* End PBXGroup section */

/* Begin PBXNativeTarget section */
		78516D4D278D770B00F5A394 /* todo */ = {
			isa = PBXNativeTarget;
			buildConfigurationList = 78516D62278D770B00F5A394 /* Build configuration list for PBXNativeTarget "todo" */;
			buildPhases = (
				36CAC6C507184ECBAD752C83 /* [CP] Check Pods Manifest.lock */,
				78516D4A278D770B00F5A394 /* Sources */,
				78516D4B278D770B00F5A394 /* Frameworks */,
				78516D4C278D770B00F5A394 /* Resources */,
				4A9AD377D54DF79AF29CE656 /* [CP] Embed Pods Frameworks */,
			);
			buildRules = (
			);
			dependencies = (
			);
			name = todo;
			productName = todo;
			productReference = 78516D4E278D770B00F5A394 /* todo.app */;
			productType = "com.apple.product-type.application";
		};
/* End PBXNativeTarget section */

/* Begin PBXProject section */
		78516D46278D770B00F5A394 /* Project object */ = {
			isa = PBXProject;
			attributes = {
				BuildIndependentTargetsInParallel = 1;
				LastSwiftUpdateCheck = 1320;
				LastUpgradeCheck = 1320;
				TargetAttributes = {
					78516D4D278D770B00F5A394 = {
						CreatedOnToolsVersion = 13.2;
					};
				};
			};
			buildConfigurationList = 78516D49278D770B00F5A394 /* Build configuration list for PBXProject "todo" */;
			compatibilityVersion = "Xcode 13.0";
			developmentRegion = en;
			hasScannedForEncodings = 0;
			knownRegions = (
				en,
				Base,
			);
			mainGroup = 78516D45278D770B00F5A394;
			productRefGroup = 78516D4F278D770B00F5A394 /* Products */;
			projectDirPath = "";
			projectRoot = "";
			targets = (
				78516D4D278D770B00F5A394 /* todo */,
			);
		};
/* End PBXProject section */

/* Begin PBXResourcesBuildPhase section */
		78516D4C278D770B00F5A394 /* Resources */ = {
			isa = PBXResourcesBuildPhase;
			buildActionMask = 2147483647;
			files = (
				78516D5E278D770B00F5A394 /* LaunchScreen.storyboard in Resources */,
				78516D5B278D770B00F5A394 /* Assets.xcassets in Resources */,
				78516D59278D770B00F5A394 /* Main.storyboard in Resources */,
			);
			runOnlyForDeploymentPostprocessing = 0;
		};
/* End PBXResourcesBuildPhase section */

/* Begin PBXShellScriptBuildPhase section */
		36CAC6C507184ECBAD752C83 /* [CP] Check Pods Manifest.lock */ = {
			isa = PBXShellScriptBuildPhase;
			buildActionMask = 2147483647;
			files = (
			);
			inputFileListPaths = (
			);
			inputPaths = (
				"${PODS_PODFILE_DIR_PATH}/Podfile.lock",
				"${PODS_ROOT}/Manifest.lock",
			);
			name = "[CP] Check Pods Manifest.lock";
			outputFileListPaths = (
			);
			outputPaths = (
				"$(DERIVED_FILE_DIR)/Pods-todo-checkManifestLockResult.txt",
			);
			runOnlyForDeploymentPostprocessing = 0;
			shellPath = /bin/sh;
			shellScript = "diff \"${PODS_PODFILE_DIR_PATH}/Podfile.lock\" \"${PODS_ROOT}/Manifest.lock\" > /dev/null\nif [ $? != 0 ] ; then\n    # print error to STDERR\n    echo \"error: The sandbox is not in sync with the Podfile.lock. Run 'pod install' or update your CocoaPods installation.\" >&2\n    exit 1\nfi\n# This output is used by Xcode 'outputs' to avoid re-running this script phase.\necho \"SUCCESS\" > \"${SCRIPT_OUTPUT_FILE_0}\"\n";
			showEnvVarsInLog = 0;
		};
		4A9AD377D54DF79AF29CE656 /* [CP] Embed Pods Frameworks */ = {
			isa = PBXShellScriptBuildPhase;
			buildActionMask = 2147483647;
			files = (
			);
			inputFileListPaths = (
				"${PODS_ROOT}/Target Support Files/Pods-todo/Pods-todo-frameworks-${CONFIGURATION}-input-files.xcfilelist",
			);
			name = "[CP] Embed Pods Frameworks";
			outputFileListPaths = (
				"${PODS_ROOT}/Target Support Files/Pods-todo/Pods-todo-frameworks-${CONFIGURATION}-output-files.xcfilelist",
			);
			runOnlyForDeploymentPostprocessing = 0;
			shellPath = /bin/sh;
			shellScript = "\"${PODS_ROOT}/Target Support Files/Pods-todo/Pods-todo-frameworks.sh\"\n";
			showEnvVarsInLog = 0;
		};
/* End PBXShellScriptBuildPhase section */

/* Begin PBXSourcesBuildPhase section */
		78516D4A278D770B00F5A394 /* Sources */ = {
			isa = PBXSourcesBuildPhase;
			buildActionMask = 2147483647;
			files = (
				7803A683279D2E3800E41CC8 /* MainModel.swift in Sources */,
				789187A1278EB338001B8A7B /* TodoList.xcdatamodeld in Sources */,
				789187CB278FFBC2001B8A7B /* PersistenceManager.swift in Sources */,
				78189591279506250055F9FE /* CustomTableViewCell.swift in Sources */,
				78516D56278D770B00F5A394 /* MainViewController.swift in Sources */,
				7803A685279D2E4700E41CC8 /* ModifyModel.swift in Sources */,
				7803A67C279943E700E41CC8 /* ModifyViewController.swift in Sources */,
				78516D52278D770B00F5A394 /* AppDelegate.swift in Sources */,
				78516D54278D770B00F5A394 /* SceneDelegate.swift in Sources */,
			);
			runOnlyForDeploymentPostprocessing = 0;
		};
/* End PBXSourcesBuildPhase section */

/* Begin PBXVariantGroup section */
		78516D57278D770B00F5A394 /* Main.storyboard */ = {
			isa = PBXVariantGroup;
			children = (
				78516D58278D770B00F5A394 /* Base */,
			);
			name = Main.storyboard;
			sourceTree = "<group>";
		};
		78516D5C278D770B00F5A394 /* LaunchScreen.storyboard */ = {
			isa = PBXVariantGroup;
			children = (
				78516D5D278D770B00F5A394 /* Base */,
			);
			name = LaunchScreen.storyboard;
			sourceTree = "<group>";
		};
/* End PBXVariantGroup section */

/* Begin XCBuildConfiguration section */
		78516D60278D770B00F5A394 /* Debug */ = {
			isa = XCBuildConfiguration;
			buildSettings = {
				ALWAYS_SEARCH_USER_PATHS = NO;
				CLANG_ANALYZER_NONNULL = YES;
				CLANG_ANALYZER_NUMBER_OBJECT_CONVERSION = YES_AGGRESSIVE;
				CLANG_CXX_LANGUAGE_STANDARD = "gnu++17";
				CLANG_CXX_LIBRARY = "libc++";
				CLANG_ENABLE_MODULES = YES;
				CLANG_ENABLE_OBJC_ARC = YES;
				CLANG_ENABLE_OBJC_WEAK = YES;
				CLANG_WARN_BLOCK_CAPTURE_AUTORELEASING = YES;
				CLANG_WARN_BOOL_CONVERSION = YES;
				CLANG_WARN_COMMA = YES;
				CLANG_WARN_CONSTANT_CONVERSION = YES;
				CLANG_WARN_DEPRECATED_OBJC_IMPLEMENTATIONS = YES;
				CLANG_WARN_DIRECT_OBJC_ISA_USAGE = YES_ERROR;
				CLANG_WARN_DOCUMENTATION_COMMENTS = YES;
				CLANG_WARN_EMPTY_BODY = YES;
				CLANG_WARN_ENUM_CONVERSION = YES;
				CLANG_WARN_INFINITE_RECURSION = YES;
				CLANG_WARN_INT_CONVERSION = YES;
				CLANG_WARN_NON_LITERAL_NULL_CONVERSION = YES;
				CLANG_WARN_OBJC_IMPLICIT_RETAIN_SELF = YES;
				CLANG_WARN_OBJC_LITERAL_CONVERSION = YES;
				CLANG_WARN_OBJC_ROOT_CLASS = YES_ERROR;
				CLANG_WARN_QUOTED_INCLUDE_IN_FRAMEWORK_HEADER = YES;
				CLANG_WARN_RANGE_LOOP_ANALYSIS = YES;
				CLANG_WARN_STRICT_PROTOTYPES = YES;
				CLANG_WARN_SUSPICIOUS_MOVE = YES;
				CLANG_WARN_UNGUARDED_AVAILABILITY = YES_AGGRESSIVE;
				CLANG_WARN_UNREACHABLE_CODE = YES;
				CLANG_WARN__DUPLICATE_METHOD_MATCH = YES;
				COPY_PHASE_STRIP = NO;
				DEBUG_INFORMATION_FORMAT = dwarf;
				ENABLE_STRICT_OBJC_MSGSEND = YES;
				ENABLE_TESTABILITY = YES;
				GCC_C_LANGUAGE_STANDARD = gnu11;
				GCC_DYNAMIC_NO_PIC = NO;
				GCC_NO_COMMON_BLOCKS = YES;
				GCC_OPTIMIZATION_LEVEL = 0;
				GCC_PREPROCESSOR_DEFINITIONS = (
					"DEBUG=1",
					"$(inherited)",
				);
				GCC_WARN_64_TO_32_BIT_CONVERSION = YES;
				GCC_WARN_ABOUT_RETURN_TYPE = YES_ERROR;
				GCC_WARN_UNDECLARED_SELECTOR = YES;
				GCC_WARN_UNINITIALIZED_AUTOS = YES_AGGRESSIVE;
				GCC_WARN_UNUSED_FUNCTION = YES;
				GCC_WARN_UNUSED_VARIABLE = YES;
				IPHONEOS_DEPLOYMENT_TARGET = 15.2;
				MTL_ENABLE_DEBUG_INFO = INCLUDE_SOURCE;
				MTL_FAST_MATH = YES;
				ONLY_ACTIVE_ARCH = YES;
				SDKROOT = iphoneos;
				SWIFT_ACTIVE_COMPILATION_CONDITIONS = DEBUG;
				SWIFT_OPTIMIZATION_LEVEL = "-Onone";
			};
			name = Debug;
		};
		78516D61278D770B00F5A394 /* Release */ = {
			isa = XCBuildConfiguration;
			buildSettings = {
				ALWAYS_SEARCH_USER_PATHS = NO;
				CLANG_ANALYZER_NONNULL = YES;
				CLANG_ANALYZER_NUMBER_OBJECT_CONVERSION = YES_AGGRESSIVE;
				CLANG_CXX_LANGUAGE_STANDARD = "gnu++17";
				CLANG_CXX_LIBRARY = "libc++";
				CLANG_ENABLE_MODULES = YES;
				CLANG_ENABLE_OBJC_ARC = YES;
				CLANG_ENABLE_OBJC_WEAK = YES;
				CLANG_WARN_BLOCK_CAPTURE_AUTORELEASING = YES;
				CLANG_WARN_BOOL_CONVERSION = YES;
				CLANG_WARN_COMMA = YES;
				CLANG_WARN_CONSTANT_CONVERSION = YES;
				CLANG_WARN_DEPRECATED_OBJC_IMPLEMENTATIONS = YES;
				CLANG_WARN_DIRECT_OBJC_ISA_USAGE = YES_ERROR;
				CLANG_WARN_DOCUMENTATION_COMMENTS = YES;
				CLANG_WARN_EMPTY_BODY = YES;
				CLANG_WARN_ENUM_CONVERSION = YES;
				CLANG_WARN_INFINITE_RECURSION = YES;
				CLANG_WARN_INT_CONVERSION = YES;
				CLANG_WARN_NON_LITERAL_NULL_CONVERSION = YES;
				CLANG_WARN_OBJC_IMPLICIT_RETAIN_SELF = YES;
				CLANG_WARN_OBJC_LITERAL_CONVERSION = YES;
				CLANG_WARN_OBJC_ROOT_CLASS = YES_ERROR;
				CLANG_WARN_QUOTED_INCLUDE_IN_FRAMEWORK_HEADER = YES;
				CLANG_WARN_RANGE_LOOP_ANALYSIS = YES;
				CLANG_WARN_STRICT_PROTOTYPES = YES;
				CLANG_WARN_SUSPICIOUS_MOVE = YES;
				CLANG_WARN_UNGUARDED_AVAILABILITY = YES_AGGRESSIVE;
				CLANG_WARN_UNREACHABLE_CODE = YES;
				CLANG_WARN__DUPLICATE_METHOD_MATCH = YES;
				COPY_PHASE_STRIP = NO;
				DEBUG_INFORMATION_FORMAT = "dwarf-with-dsym";
				ENABLE_NS_ASSERTIONS = NO;
				ENABLE_STRICT_OBJC_MSGSEND = YES;
				GCC_C_LANGUAGE_STANDARD = gnu11;
				GCC_NO_COMMON_BLOCKS = YES;
				GCC_WARN_64_TO_32_BIT_CONVERSION = YES;
				GCC_WARN_ABOUT_RETURN_TYPE = YES_ERROR;
				GCC_WARN_UNDECLARED_SELECTOR = YES;
				GCC_WARN_UNINITIALIZED_AUTOS = YES_AGGRESSIVE;
				GCC_WARN_UNUSED_FUNCTION = YES;
				GCC_WARN_UNUSED_VARIABLE = YES;
				IPHONEOS_DEPLOYMENT_TARGET = 15.2;
				MTL_ENABLE_DEBUG_INFO = NO;
				MTL_FAST_MATH = YES;
				SDKROOT = iphoneos;
				SWIFT_COMPILATION_MODE = wholemodule;
				SWIFT_OPTIMIZATION_LEVEL = "-O";
				VALIDATE_PRODUCT = YES;
			};
			name = Release;
		};
		78516D63278D770B00F5A394 /* Debug */ = {
			isa = XCBuildConfiguration;
			baseConfigurationReference = 104D2564BC8A02BDA1B71DBD /* Pods-todo.debug.xcconfig */;
			buildSettings = {
				ASSETCATALOG_COMPILER_APPICON_NAME = AppIcon;
				ASSETCATALOG_COMPILER_GLOBAL_ACCENT_COLOR_NAME = AccentColor;
				CODE_SIGN_STYLE = Automatic;
				CURRENT_PROJECT_VERSION = 1;
				DEVELOPMENT_TEAM = W9K8S57VSZ;
				GENERATE_INFOPLIST_FILE = YES;
				INFOPLIST_FILE = todo/Info.plist;
				INFOPLIST_KEY_UIApplicationSupportsIndirectInputEvents = YES;
				INFOPLIST_KEY_UILaunchStoryboardName = LaunchScreen;
				INFOPLIST_KEY_UIMainStoryboardFile = Main;
				INFOPLIST_KEY_UISupportedInterfaceOrientations_iPad = "UIInterfaceOrientationPortrait UIInterfaceOrientationPortraitUpsideDown UIInterfaceOrientationLandscapeLeft UIInterfaceOrientationLandscapeRight";
				INFOPLIST_KEY_UISupportedInterfaceOrientations_iPhone = "UIInterfaceOrientationPortrait UIInterfaceOrientationLandscapeLeft UIInterfaceOrientationLandscapeRight";
				LD_RUNPATH_SEARCH_PATHS = (
					"$(inherited)",
					"@executable_path/Frameworks",
				);
				MARKETING_VERSION = 1.0;
				PRODUCT_BUNDLE_IDENTIFIER = net.hoon.todo;
				PRODUCT_NAME = "$(TARGET_NAME)";
				SWIFT_EMIT_LOC_STRINGS = YES;
				SWIFT_VERSION = 5.0;
				TARGETED_DEVICE_FAMILY = "1,2";
			};
			name = Debug;
		};
		78516D64278D770B00F5A394 /* Release */ = {
			isa = XCBuildConfiguration;
			baseConfigurationReference = 5F2E9F3C520A021E3EF641E5 /* Pods-todo.release.xcconfig */;
			buildSettings = {
				ASSETCATALOG_COMPILER_APPICON_NAME = AppIcon;
				ASSETCATALOG_COMPILER_GLOBAL_ACCENT_COLOR_NAME = AccentColor;
				CODE_SIGN_STYLE = Automatic;
				CURRENT_PROJECT_VERSION = 1;
				DEVELOPMENT_TEAM = W9K8S57VSZ;
				GENERATE_INFOPLIST_FILE = YES;
				INFOPLIST_FILE = todo/Info.plist;
				INFOPLIST_KEY_UIApplicationSupportsIndirectInputEvents = YES;
				INFOPLIST_KEY_UILaunchStoryboardName = LaunchScreen;
				INFOPLIST_KEY_UIMainStoryboardFile = Main;
				INFOPLIST_KEY_UISupportedInterfaceOrientations_iPad = "UIInterfaceOrientationPortrait UIInterfaceOrientationPortraitUpsideDown UIInterfaceOrientationLandscapeLeft UIInterfaceOrientationLandscapeRight";
				INFOPLIST_KEY_UISupportedInterfaceOrientations_iPhone = "UIInterfaceOrientationPortrait UIInterfaceOrientationLandscapeLeft UIInterfaceOrientationLandscapeRight";
				LD_RUNPATH_SEARCH_PATHS = (
					"$(inherited)",
					"@executable_path/Frameworks",
				);
				MARKETING_VERSION = 1.0;
				PRODUCT_BUNDLE_IDENTIFIER = net.hoon.todo;
				PRODUCT_NAME = "$(TARGET_NAME)";
				SWIFT_EMIT_LOC_STRINGS = YES;
				SWIFT_VERSION = 5.0;
				TARGETED_DEVICE_FAMILY = "1,2";
			};
			name = Release;
		};
/* End XCBuildConfiguration section */

/* Begin XCConfigurationList section */
		78516D49278D770B00F5A394 /* Build configuration list for PBXProject "todo" */ = {
			isa = XCConfigurationList;
			buildConfigurations = (
				78516D60278D770B00F5A394 /* Debug */,
				78516D61278D770B00F5A394 /* Release */,
			);
			defaultConfigurationIsVisible = 0;
			defaultConfigurationName = Release;
		};
		78516D62278D770B00F5A394 /* Build configuration list for PBXNativeTarget "todo" */ = {
			isa = XCConfigurationList;
			buildConfigurations = (
				78516D63278D770B00F5A394 /* Debug */,
				78516D64278D770B00F5A394 /* Release */,
			);
			defaultConfigurationIsVisible = 0;
			defaultConfigurationName = Release;
		};
/* End XCConfigurationList section */

/* Begin XCVersionGroup section */
		7891879F278EB338001B8A7B /* TodoList.xcdatamodeld */ = {
			isa = XCVersionGroup;
			children = (
				789187A0278EB338001B8A7B /* TodoList.xcdatamodel */,
			);
			currentVersion = 789187A0278EB338001B8A7B /* TodoList.xcdatamodel */;
			path = TodoList.xcdatamodeld;
			sourceTree = "<group>";
			versionGroupType = wrapper.xcdatamodel;
		};
/* End XCVersionGroup section */
	};
	rootObject = 78516D46278D770B00F5A394 /* Project object */;
}
